
Microsoft Visual Studio Solution File, Format Version 12.00
# Visual Studio Version 16
VisualStudioVersion = 16.0.30011.22
MinimumVisualStudioVersion = 10.0.40219.1
Project("{FAE04EC0-301F-11D3-BF4B-00C04F79EFBC}") = "TVGuide", "TVGuide\TVGuide.csproj", "{60075BF1-EF2A-4022-91B2-3CFA6B9FDBF1}"
EndProject
Project("{54435603-DBB4-11D2-8724-00A0C9A8B90C}") = "Setup", "Setup\Setup.vdproj", "{DE9E9799-FA21-438A-B129-62E54649D2BA}"
EndProject
Project("{54435603-DBB4-11D2-8724-00A0C9A8B90C}") = "Setupx86", "Setupx86\Setupx86.vdproj", "{C40BE013-E1D6-4033-9017-A5FCC2D472D9}"
EndProject
Global
	GlobalSection(SolutionConfigurationPlatforms) = preSolution
		Debug|Any CPU = Debug|Any CPU
		Debug|x64 = Debug|x64
		Debug|x86 = Debug|x86
		Release|Any CPU = Release|Any CPU
		Release|x64 = Release|x64
		Release|x86 = Release|x86
	EndGlobalSection
	GlobalSection(ProjectConfigurationPlatforms) = postSolution
		{60075BF1-EF2A-4022-91B2-3CFA6B9FDBF1}.Debug|Any CPU.ActiveCfg = Debug|Any CPU
		{60075BF1-EF2A-4022-91B2-3CFA6B9FDBF1}.Debug|Any CPU.Build.0 = Debug|Any CPU
		{60075BF1-EF2A-4022-91B2-3CFA6B9FDBF1}.Debug|x64.ActiveCfg = Debug|x64
		{60075BF1-EF2A-4022-91B2-3CFA6B9FDBF1}.Debug|x64.Build.0 = Debug|x64
		{60075BF1-EF2A-4022-91B2-3CFA6B9FDBF1}.Debug|x86.ActiveCfg = Debug|x86
		{60075BF1-EF2A-4022-91B2-3CFA6B9FDBF1}.Debug|x86.Build.0 = Debug|x86
		{60075BF1-EF2A-4022-91B2-3CFA6B9FDBF1}.Release|Any CPU.ActiveCfg = Release|Any CPU
		{60075BF1-EF2A-4022-91B2-3CFA6B9FDBF1}.Release|Any CPU.Build.0 = Release|Any CPU
		{60075BF1-EF2A-4022-91B2-3CFA6B9FDBF1}.Release|x64.ActiveCfg = Release|x64
		{60075BF1-EF2A-4022-91B2-3CFA6B9FDBF1}.Release|x64.Build.0 = Release|x64
		{60075BF1-EF2A-4022-91B2-3CFA6B9FDBF1}.Release|x86.ActiveCfg = Release|x86
		{60075BF1-EF2A-4022-91B2-3CFA6B9FDBF1}.Release|x86.Build.0 = Release|x86
		{DE9E9799-FA21-438A-B129-62E54649D2BA}.Debug|Any CPU.ActiveCfg = Debug
		{DE9E9799-FA21-438A-B129-62E54649D2BA}.Debug|x64.ActiveCfg = Debug
		{DE9E9799-FA21-438A-B129-62E54649D2BA}.Debug|x86.ActiveCfg = Debug
		{DE9E9799-FA21-438A-B129-62E54649D2BA}.Debug|x86.Build.0 = Debug
		{DE9E9799-FA21-438A-B129-62E54649D2BA}.Release|Any CPU.ActiveCfg = Release
		{DE9E9799-FA21-438A-B129-62E54649D2BA}.Release|x64.ActiveCfg = Release
		{DE9E9799-FA21-438A-B129-62E54649D2BA}.Release|x64.Build.0 = Release
		{DE9E9799-FA21-438A-B129-62E54649D2BA}.Release|x86.ActiveCfg = Release
		{DE9E9799-FA21-438A-B129-62E54649D2BA}.Release|x86.Build.0 = Release
		{C40BE013-E1D6-4033-9017-A5FCC2D472D9}.Debug|Any CPU.ActiveCfg = Debug
		{C40BE013-E1D6-4033-9017-A5FCC2D472D9}.Debug|x64.ActiveCfg = Debug
		{C40BE013-E1D6-4033-9017-A5FCC2D472D9}.Debug|x86.ActiveCfg = Debug
		{C40BE013-E1D6-4033-9017-A5FCC2D472D9}.Release|Any CPU.ActiveCfg = Release
		{C40BE013-E1D6-4033-9017-A5FCC2D472D9}.Release|x64.ActiveCfg = Release
		{C40BE013-E1D6-4033-9017-A5FCC2D472D9}.Release|x86.ActiveCfg = Release
	EndGlobalSection
	GlobalSection(SolutionProperties) = preSolution
		HideSolutionNode = FALSE
	EndGlobalSection
	GlobalSection(ExtensibilityGlobals) = postSolution
		SolutionGuid = {AB6DD66A-39D2-4D09-BEDC-764049A0F9DA}
	EndGlobalSection
EndGlobal
